
Microsoft Visual Studio Solution File, Format Version 12.00
# Visual Studio Version 17
VisualStudioVersion = 17.1.32421.90
MinimumVisualStudioVersion = 10.0.40219.1
Project("{FAE04EC0-301F-11D3-BF4B-00C04F79EFBC}") = "Lab1", "Lab1\Lab1.csproj", "{5430FA7A-6738-426F-9E8E-6EB8B851ED6F}"
EndProject
Global
	GlobalSection(SolutionConfigurationPlatforms) = preSolution
		Debug|Any CPU = Debug|Any CPU
		Release|Any CPU = Release|Any CPU
	EndGlobalSection
	GlobalSection(ProjectConfigurationPlatforms) = postSolution
		{5430FA7A-6738-426F-9E8E-6EB8B851ED6F}.Debug|Any CPU.ActiveCfg = Debug|Any CPU
		{5430FA7A-6738-426F-9E8E-6EB8B851ED6F}.Debug|Any CPU.Build.0 = Debug|Any CPU
		{5430FA7A-6738-426F-9E8E-6EB8B851ED6F}.Release|Any CPU.ActiveCfg = Release|Any CPU
		{5430FA7A-6738-426F-9E8E-6EB8B851ED6F}.Release|Any CPU.Build.0 = Release|Any CPU
	EndGlobalSection
	GlobalSection(SolutionProperties) = preSolution
		HideSolutionNode = FALSE
	EndGlobalSection
	GlobalSection(ExtensibilityGlobals) = postSolution
		SolutionGuid = {1B6E40C4-5E09-45DE-B0AD-D2B2A72A5342}
	EndGlobalSection
EndGlobal
